
Microsoft Visual Studio Solution File, Format Version 12.00
# Visual Studio 15
VisualStudioVersion = 15.0.27428.2043
MinimumVisualStudioVersion = 10.0.40219.1
Project("{FAE04EC0-301F-11D3-BF4B-00C04F79EFBC}") = "EmployeeServices", "EmployeeServices\EmployeeServices.csproj", "{264E09B0-A04A-4049-A58E-8CB2B638757C}"
EndProject
Global
	GlobalSection(SolutionConfigurationPlatforms) = preSolution
		Debug|Any CPU = Debug|Any CPU
		Release|Any CPU = Release|Any CPU
	EndGlobalSection
	GlobalSection(ProjectConfigurationPlatforms) = postSolution
		{264E09B0-A04A-4049-A58E-8CB2B638757C}.Debug|Any CPU.ActiveCfg = Debug|Any CPU
		{264E09B0-A04A-4049-A58E-8CB2B638757C}.Debug|Any CPU.Build.0 = Debug|Any CPU
		{264E09B0-A04A-4049-A58E-8CB2B638757C}.Release|Any CPU.ActiveCfg = Release|Any CPU
		{264E09B0-A04A-4049-A58E-8CB2B638757C}.Release|Any CPU.Build.0 = Release|Any CPU
	EndGlobalSection
	GlobalSection(SolutionProperties) = preSolution
		HideSolutionNode = FALSE
	EndGlobalSection
	GlobalSection(ExtensibilityGlobals) = postSolution
		SolutionGuid = {7FA2FCA3-A9F0-4303-9D25-3F1028D0AD9D}
	EndGlobalSection
EndGlobal
